
Microsoft Visual Studio Solution File, Format Version 12.00
# Visual Studio 15
VisualStudioVersion = 15.0.28307.329
MinimumVisualStudioVersion = 10.0.40219.1
Project("{9A19103F-16F7-4668-BE54-9A1E7A4F7556}") = "api", "api\api.csproj", "{5133AE1B-4F39-40E5-99BC-4F99B767F330}"
EndProject
Project("{9A19103F-16F7-4668-BE54-9A1E7A4F7556}") = "tests", "tests\tests.csproj", "{C78E57A2-D356-4655-80ED-E8C0A37145F9}"
EndProject
Global
	GlobalSection(SolutionConfigurationPlatforms) = preSolution
		Debug|Any CPU = Debug|Any CPU
		Release|Any CPU = Release|Any CPU
	EndGlobalSection
	GlobalSection(ProjectConfigurationPlatforms) = postSolution
		{5133AE1B-4F39-40E5-99BC-4F99B767F330}.Debug|Any CPU.ActiveCfg = Debug|Any CPU
		{5133AE1B-4F39-40E5-99BC-4F99B767F330}.Debug|Any CPU.Build.0 = Debug|Any CPU
		{5133AE1B-4F39-40E5-99BC-4F99B767F330}.Release|Any CPU.ActiveCfg = Release|Any CPU
		{5133AE1B-4F39-40E5-99BC-4F99B767F330}.Release|Any CPU.Build.0 = Release|Any CPU
		{C78E57A2-D356-4655-80ED-E8C0A37145F9}.Debug|Any CPU.ActiveCfg = Debug|Any CPU
		{C78E57A2-D356-4655-80ED-E8C0A37145F9}.Debug|Any CPU.Build.0 = Debug|Any CPU
		{C78E57A2-D356-4655-80ED-E8C0A37145F9}.Release|Any CPU.ActiveCfg = Release|Any CPU
		{C78E57A2-D356-4655-80ED-E8C0A37145F9}.Release|Any CPU.Build.0 = Release|Any CPU
	EndGlobalSection
	GlobalSection(SolutionProperties) = preSolution
		HideSolutionNode = FALSE
	EndGlobalSection
	GlobalSection(ExtensibilityGlobals) = postSolution
		SolutionGuid = {97ACD40E-27F9-4539-BA4F-789FDBB9B65B}
	EndGlobalSection
EndGlobal
